
Microsoft Visual Studio Solution File, Format Version 12.00
# Visual Studio Version 17
VisualStudioVersion = 17.13.35818.85
MinimumVisualStudioVersion = 10.0.40219.1
Project("{FAE04EC0-301F-11D3-BF4B-00C04F79EFBC}") = "AlchemyPages", "AlchemyPages\AlchemyPages.csproj", "{A0D1A015-C0A2-4CC5-9A3B-E8A81820E12A}"
EndProject
Global
	GlobalSection(SolutionConfigurationPlatforms) = preSolution
		Debug|Any CPU = Debug|Any CPU
		Release|Any CPU = Release|Any CPU
	EndGlobalSection
	GlobalSection(ProjectConfigurationPlatforms) = postSolution
		{A0D1A015-C0A2-4CC5-9A3B-E8A81820E12A}.Debug|Any CPU.ActiveCfg = Debug|Any CPU
		{A0D1A015-C0A2-4CC5-9A3B-E8A81820E12A}.Debug|Any CPU.Build.0 = Debug|Any CPU
		{A0D1A015-C0A2-4CC5-9A3B-E8A81820E12A}.Release|Any CPU.ActiveCfg = Release|Any CPU
		{A0D1A015-C0A2-4CC5-9A3B-E8A81820E12A}.Release|Any CPU.Build.0 = Release|Any CPU
	EndGlobalSection
	GlobalSection(SolutionProperties) = preSolution
		HideSolutionNode = FALSE
	EndGlobalSection
	GlobalSection(ExtensibilityGlobals) = postSolution
		SolutionGuid = {D85B9E97-79F4-4099-B811-DAB9F646CFD1}
	EndGlobalSection
EndGlobal
